// !$*UTF8*$!
{
	archiveVersion = 1;
	classes = {
	};
	objectVersion = 46;
	objects = {

/* Begin PBXBuildFile section */
		37020E52423413FAF4652C5F /* UIControl+Base.swift in Sources */ = {isa = PBXBuildFile; fileRef = 91BD1C89632BD281546F8BCA /* UIControl+Base.swift */; };
		5CF69427CA5DFF2316FB6810 /* Pods_Tests.framework in Frameworks */ = {isa = PBXBuildFile; fileRef = FE4E9FF0D7C0652345652692 /* Pods_Tests.framework */; };
		821FE5D60F1A35CCC0B0821F /* MainTests.swift in Sources */ = {isa = PBXBuildFile; fileRef = BEA6745C556D3E454E211378 /* MainTests.swift */; };
		AD8C1830F9B3ECBE55E82789 /* UIControl+Aliases.swift in Sources */ = {isa = PBXBuildFile; fileRef = 204B3C38FA9B413F0AF2272F /* UIControl+Aliases.swift */; };
		CB9987A9E1E18E9058512124 /* Foundation.framework in Frameworks */ = {isa = PBXBuildFile; fileRef = 6ECF0EF698A4D39008741AB4 /* Foundation.framework */; };
		CDC467CCF32F2D00F960BB87 /* Pods_Fwk.framework in Frameworks */ = {isa = PBXBuildFile; fileRef = 05BA2C8BAEAB9CF86C80B42F /* Pods_Fwk.framework */; };
		D98DF50FF922ACBE7CD3CB60 /* Foundation.framework in Frameworks */ = {isa = PBXBuildFile; fileRef = 6ECF0EF698A4D39008741AB4 /* Foundation.framework */; };
		E82D82736B8A9A3FB2DA9C02 /* UIVIew+Gestures.swift in Sources */ = {isa = PBXBuildFile; fileRef = 0CC375A2DAFC6E8298F39AF9 /* UIVIew+Gestures.swift */; };
/* End PBXBuildFile section */

/* Begin PBXContainerItemProxy section */
		F047BC5433733DA8E0B9ACAA /* PBXContainerItemProxy */ = {
			isa = PBXContainerItemProxy;
			containerPortal = 78114AA08DD3FBDDE2E2F670 /* Project object */;
			proxyType = 1;
			remoteGlobalIDString = 91B4429E32A6CEDB20CF596E;
			remoteInfo = Fwk;
		};
/* End PBXContainerItemProxy section */

/* Begin PBXCopyFilesBuildPhase section */
		A7DE02FDAF32D9ABC35842B4 /* Embed Frameworks */ = {
			isa = PBXCopyFilesBuildPhase;
			buildActionMask = 2147483647;
			dstPath = "";
			dstSubfolderSpec = 10;
			files = (
			);
			name = "Embed Frameworks";
			runOnlyForDeploymentPostprocessing = 0;
		};
		C1DE856A8C69896AE9E481BA /* Embed Frameworks */ = {
			isa = PBXCopyFilesBuildPhase;
			buildActionMask = 2147483647;
			dstPath = "";
			dstSubfolderSpec = 10;
			files = (
			);
			name = "Embed Frameworks";
			runOnlyForDeploymentPostprocessing = 0;
		};
/* End PBXCopyFilesBuildPhase section */

/* Begin PBXFileReference section */
		05BA2C8BAEAB9CF86C80B42F /* Pods_Fwk.framework */ = {isa = PBXFileReference; explicitFileType = wrapper.framework; includeInIndex = 0; path = Pods_Fwk.framework; sourceTree = BUILT_PRODUCTS_DIR; };
		0CC375A2DAFC6E8298F39AF9 /* UIVIew+Gestures.swift */ = {isa = PBXFileReference; includeInIndex = 1; lastKnownFileType = sourcecode.swift; path = "UIVIew+Gestures.swift"; sourceTree = "<group>"; };
		1C76E4F3724244B174CD6F01 /* Pods-Fwk.release.xcconfig */ = {isa = PBXFileReference; includeInIndex = 1; lastKnownFileType = text.xcconfig; name = "Pods-Fwk.release.xcconfig"; path = "Pods/Target Support Files/Pods-Fwk/Pods-Fwk.release.xcconfig"; sourceTree = "<group>"; };
		204B3C38FA9B413F0AF2272F /* UIControl+Aliases.swift */ = {isa = PBXFileReference; includeInIndex = 1; lastKnownFileType = sourcecode.swift; path = "UIControl+Aliases.swift"; sourceTree = "<group>"; };
		3398BDE6B85BDA9621450C99 /* Pods-Tests.debug.xcconfig */ = {isa = PBXFileReference; includeInIndex = 1; lastKnownFileType = text.xcconfig; name = "Pods-Tests.debug.xcconfig"; path = "Pods/Target Support Files/Pods-Tests/Pods-Tests.debug.xcconfig"; sourceTree = "<group>"; };
		4258A4E4E77FC410EF6BB942 /* Fwk.framework */ = {isa = PBXFileReference; explicitFileType = wrapper.framework; includeInIndex = 0; path = Fwk.framework; sourceTree = BUILT_PRODUCTS_DIR; };
		5087C3AB5B006855AE14AF2C /* Pods-Fwk.debug.xcconfig */ = {isa = PBXFileReference; includeInIndex = 1; lastKnownFileType = text.xcconfig; name = "Pods-Fwk.debug.xcconfig"; path = "Pods/Target Support Files/Pods-Fwk/Pods-Fwk.debug.xcconfig"; sourceTree = "<group>"; };
		6ECF0EF698A4D39008741AB4 /* Foundation.framework */ = {isa = PBXFileReference; lastKnownFileType = wrapper.framework; name = Foundation.framework; path = Platforms/iPhoneOS.platform/Developer/SDKs/iPhoneOS10.3.sdk/System/Library/Frameworks/Foundation.framework; sourceTree = DEVELOPER_DIR; };
		6F5242D0E9C9016E600EF453 /* Tests.xctest */ = {isa = PBXFileReference; explicitFileType = wrapper.cfbundle; includeInIndex = 0; path = Tests.xctest; sourceTree = BUILT_PRODUCTS_DIR; };
		91BD1C89632BD281546F8BCA /* UIControl+Base.swift */ = {isa = PBXFileReference; includeInIndex = 1; lastKnownFileType = sourcecode.swift; path = "UIControl+Base.swift"; sourceTree = "<group>"; };
		BEA6745C556D3E454E211378 /* MainTests.swift */ = {isa = PBXFileReference; includeInIndex = 1; lastKnownFileType = sourcecode.swift; path = MainTests.swift; sourceTree = "<group>"; };
		C324BA6F9917F0A7A31C35A2 /* Pods-Tests.release.xcconfig */ = {isa = PBXFileReference; includeInIndex = 1; lastKnownFileType = text.xcconfig; name = "Pods-Tests.release.xcconfig"; path = "Pods/Target Support Files/Pods-Tests/Pods-Tests.release.xcconfig"; sourceTree = "<group>"; };
		FE4E9FF0D7C0652345652692 /* Pods_Tests.framework */ = {isa = PBXFileReference; explicitFileType = wrapper.framework; includeInIndex = 0; path = Pods_Tests.framework; sourceTree = BUILT_PRODUCTS_DIR; };
/* End PBXFileReference section */

/* Begin PBXFrameworksBuildPhase section */
		180ED49A343AD20A238E4E67 /* Frameworks */ = {
			isa = PBXFrameworksBuildPhase;
			buildActionMask = 2147483647;
			files = (
				D98DF50FF922ACBE7CD3CB60 /* Foundation.framework in Frameworks */,
				5CF69427CA5DFF2316FB6810 /* Pods_Tests.framework in Frameworks */,
			);
			runOnlyForDeploymentPostprocessing = 0;
		};
		43A4335925E37FEB20FEDA0F /* Frameworks */ = {
			isa = PBXFrameworksBuildPhase;
			buildActionMask = 2147483647;
			files = (
				CB9987A9E1E18E9058512124 /* Foundation.framework in Frameworks */,
				CDC467CCF32F2D00F960BB87 /* Pods_Fwk.framework in Frameworks */,
			);
			runOnlyForDeploymentPostprocessing = 0;
		};
/* End PBXFrameworksBuildPhase section */

/* Begin PBXGroup section */
		29FEC6FE1E8D8004111579B1 /* Tests */ = {
			isa = PBXGroup;
			children = (
				BEA6745C556D3E454E211378 /* MainTests.swift */,
			);
			name = Tests;
			path = Tests;
			sourceTree = SOURCE_ROOT;
		};
		443624DF707F5BDCD6C4F8AE /* Sources */ = {
			isa = PBXGroup;
			children = (
				204B3C38FA9B413F0AF2272F /* UIControl+Aliases.swift */,
				91BD1C89632BD281546F8BCA /* UIControl+Base.swift */,
				0CC375A2DAFC6E8298F39AF9 /* UIVIew+Gestures.swift */,
			);
			name = Sources;
			path = Sources;
			sourceTree = SOURCE_ROOT;
		};
		7DF48E27766CBA9662B21BC4 /* Pods */ = {
			isa = PBXGroup;
			children = (
				5087C3AB5B006855AE14AF2C /* Pods-Fwk.debug.xcconfig */,
				1C76E4F3724244B174CD6F01 /* Pods-Fwk.release.xcconfig */,
				3398BDE6B85BDA9621450C99 /* Pods-Tests.debug.xcconfig */,
				C324BA6F9917F0A7A31C35A2 /* Pods-Tests.release.xcconfig */,
			);
			name = Pods;
			sourceTree = "<group>";
		};
		86C2333C635D504A8012511C /* Products */ = {
			isa = PBXGroup;
			children = (
				4258A4E4E77FC410EF6BB942 /* Fwk.framework */,
				6F5242D0E9C9016E600EF453 /* Tests.xctest */,
			);
			name = Products;
			sourceTree = "<group>";
		};
		8ABA5664FE1770D7B47C0B9F /* $local */ = {
			isa = PBXGroup;
			children = (
			);
			name = "$local";
			sourceTree = "<group>";
		};
		8AEC38B8E5C4D386DC4BA6E6 = {
			isa = PBXGroup;
			children = (
				D773530B5E8F94DE3C283AE0 /* Frameworks */,
				7DF48E27766CBA9662B21BC4 /* Pods */,
				86C2333C635D504A8012511C /* Products */,
				443624DF707F5BDCD6C4F8AE /* Sources */,
				29FEC6FE1E8D8004111579B1 /* Tests */,
			);
			sourceTree = "<group>";
		};
		D3A4F52727F1B769413DDCD9 /* iOS */ = {
			isa = PBXGroup;
			children = (
				6ECF0EF698A4D39008741AB4 /* Foundation.framework */,
			);
			name = iOS;
			sourceTree = "<group>";
		};
		D773530B5E8F94DE3C283AE0 /* Frameworks */ = {
			isa = PBXGroup;
			children = (
				8ABA5664FE1770D7B47C0B9F /* $local */,
				D3A4F52727F1B769413DDCD9 /* iOS */,
				05BA2C8BAEAB9CF86C80B42F /* Pods_Fwk.framework */,
				FE4E9FF0D7C0652345652692 /* Pods_Tests.framework */,
			);
			name = Frameworks;
			sourceTree = "<group>";
		};
/* End PBXGroup section */

/* Begin PBXNativeTarget section */
		91B4429E32A6CEDB20CF596E /* Fwk */ = {
			isa = PBXNativeTarget;
			buildConfigurationList = AAA5C01FA404F576194B0791 /* Build configuration list for PBXNativeTarget "Fwk" */;
			buildPhases = (
				1B8253E92DC5E36521D88808 /* SwiftLint */,
				4972F61E3F97BFAD3E305A4B /* [CP] Check Pods Manifest.lock */,
				7CD9FE0D28DA61D12FDA20DF /* Sources */,
				43A4335925E37FEB20FEDA0F /* Frameworks */,
				A7DE02FDAF32D9ABC35842B4 /* Embed Frameworks */,
				7F1315E44334DFC16A91797F /* [CP] Copy Pods Resources */,
			);
			buildRules = (
			);
			dependencies = (
			);
			name = Fwk;
			productName = Fwk;
			productReference = 4258A4E4E77FC410EF6BB942 /* Fwk.framework */;
			productType = "com.apple.product-type.framework";
		};
		BF919C6474E6C713535ACBBD /* Tests */ = {
			isa = PBXNativeTarget;
			buildConfigurationList = 33892917C1AA7B385F5B5CEF /* Build configuration list for PBXNativeTarget "Tests" */;
			buildPhases = (
				FFEF18EB8FA03174E38CE344 /* [CP] Check Pods Manifest.lock */,
				844B86A49088A424F0C4DA35 /* Sources */,
				180ED49A343AD20A238E4E67 /* Frameworks */,
				C1DE856A8C69896AE9E481BA /* Embed Frameworks */,
				F32EEA7E918F69C06D19AF10 /* [CP] Embed Pods Frameworks */,
				D121AD7CDF2E6645FA0EA403 /* [CP] Copy Pods Resources */,
			);
			buildRules = (
			);
			dependencies = (
				AD918C0525A98C651E34CB99 /* PBXTargetDependency */,
			);
			name = Tests;
			productName = Tests;
			productReference = 6F5242D0E9C9016E600EF453 /* Tests.xctest */;
			productType = "com.apple.product-type.bundle.unit-test";
		};
/* End PBXNativeTarget section */

/* Begin PBXProject section */
		78114AA08DD3FBDDE2E2F670 /* Project object */ = {
			isa = PBXProject;
			attributes = {
				LastSwiftUpdateCheck = 0830;
				LastUpgradeCheck = 0700;
				Struct.Version = 2.1.0;
			};
			buildConfigurationList = 88AF0F1F5D5E9BE3E927D9F1 /* Build configuration list for PBXProject "Main" */;
			compatibilityVersion = "Xcode 3.2";
			developmentRegion = English;
			hasScannedForEncodings = 0;
			knownRegions = (
				en,
			);
			mainGroup = 8AEC38B8E5C4D386DC4BA6E6;
			productRefGroup = 86C2333C635D504A8012511C /* Products */;
			projectDirPath = "";
			projectRoot = "";
			targets = (
				91B4429E32A6CEDB20CF596E /* Fwk */,
				BF919C6474E6C713535ACBBD /* Tests */,
			);
		};
/* End PBXProject section */

/* Begin PBXShellScriptBuildPhase section */
		1B8253E92DC5E36521D88808 /* SwiftLint */ = {
			isa = PBXShellScriptBuildPhase;
			buildActionMask = 2147483647;
			files = (
			);
			inputPaths = (
			);
			name = SwiftLint;
			outputPaths = (
			);
			runOnlyForDeploymentPostprocessing = 0;
			shellPath = /bin/sh;
			shellScript = "if which swiftlint >/dev/null; then\n    swiftlint\nelse\n    echo \"warning: SwiftLint not installed, download from https://github.com/realm/SwiftLint\"\nfi";
			showEnvVarsInLog = 1;
		};
		4972F61E3F97BFAD3E305A4B /* [CP] Check Pods Manifest.lock */ = {
			isa = PBXShellScriptBuildPhase;
			buildActionMask = 2147483647;
			files = (
			);
			inputPaths = (
			);
			name = "[CP] Check Pods Manifest.lock";
			outputPaths = (
			);
			runOnlyForDeploymentPostprocessing = 0;
			shellPath = /bin/sh;
			shellScript = "diff \"${PODS_PODFILE_DIR_PATH}/Podfile.lock\" \"${PODS_ROOT}/Manifest.lock\" > /dev/null\nif [ $? != 0 ] ; then\n    # print error to STDERR\n    echo \"error: The sandbox is not in sync with the Podfile.lock. Run 'pod install' or update your CocoaPods installation.\" >&2\n    exit 1\nfi\n";
			showEnvVarsInLog = 0;
		};
		7F1315E44334DFC16A91797F /* [CP] Copy Pods Resources */ = {
			isa = PBXShellScriptBuildPhase;
			buildActionMask = 2147483647;
			files = (
			);
			inputPaths = (
			);
			name = "[CP] Copy Pods Resources";
			outputPaths = (
			);
			runOnlyForDeploymentPostprocessing = 0;
			shellPath = /bin/sh;
			shellScript = "\"${SRCROOT}/Pods/Target Support Files/Pods-Fwk/Pods-Fwk-resources.sh\"\n";
			showEnvVarsInLog = 0;
		};
		D121AD7CDF2E6645FA0EA403 /* [CP] Copy Pods Resources */ = {
			isa = PBXShellScriptBuildPhase;
			buildActionMask = 2147483647;
			files = (
			);
			inputPaths = (
			);
			name = "[CP] Copy Pods Resources";
			outputPaths = (
			);
			runOnlyForDeploymentPostprocessing = 0;
			shellPath = /bin/sh;
			shellScript = "\"${SRCROOT}/Pods/Target Support Files/Pods-Tests/Pods-Tests-resources.sh\"\n";
			showEnvVarsInLog = 0;
		};
		F32EEA7E918F69C06D19AF10 /* [CP] Embed Pods Frameworks */ = {
			isa = PBXShellScriptBuildPhase;
			buildActionMask = 2147483647;
			files = (
			);
			inputPaths = (
			);
			name = "[CP] Embed Pods Frameworks";
			outputPaths = (
			);
			runOnlyForDeploymentPostprocessing = 0;
			shellPath = /bin/sh;
			shellScript = "\"${SRCROOT}/Pods/Target Support Files/Pods-Tests/Pods-Tests-frameworks.sh\"\n";
			showEnvVarsInLog = 0;
		};
		FFEF18EB8FA03174E38CE344 /* [CP] Check Pods Manifest.lock */ = {
			isa = PBXShellScriptBuildPhase;
			buildActionMask = 2147483647;
			files = (
			);
			inputPaths = (
			);
			name = "[CP] Check Pods Manifest.lock";
			outputPaths = (
			);
			runOnlyForDeploymentPostprocessing = 0;
			shellPath = /bin/sh;
			shellScript = "diff \"${PODS_PODFILE_DIR_PATH}/Podfile.lock\" \"${PODS_ROOT}/Manifest.lock\" > /dev/null\nif [ $? != 0 ] ; then\n    # print error to STDERR\n    echo \"error: The sandbox is not in sync with the Podfile.lock. Run 'pod install' or update your CocoaPods installation.\" >&2\n    exit 1\nfi\n";
			showEnvVarsInLog = 0;
		};
/* End PBXShellScriptBuildPhase section */

/* Begin PBXSourcesBuildPhase section */
		7CD9FE0D28DA61D12FDA20DF /* Sources */ = {
			isa = PBXSourcesBuildPhase;
			buildActionMask = 2147483647;
			files = (
				AD8C1830F9B3ECBE55E82789 /* UIControl+Aliases.swift in Sources */,
				37020E52423413FAF4652C5F /* UIControl+Base.swift in Sources */,
				E82D82736B8A9A3FB2DA9C02 /* UIVIew+Gestures.swift in Sources */,
			);
			runOnlyForDeploymentPostprocessing = 0;
		};
		844B86A49088A424F0C4DA35 /* Sources */ = {
			isa = PBXSourcesBuildPhase;
			buildActionMask = 2147483647;
			files = (
				821FE5D60F1A35CCC0B0821F /* MainTests.swift in Sources */,
			);
			runOnlyForDeploymentPostprocessing = 0;
		};
/* End PBXSourcesBuildPhase section */

/* Begin PBXTargetDependency section */
		AD918C0525A98C651E34CB99 /* PBXTargetDependency */ = {
			isa = PBXTargetDependency;
			name = Fwk;
			target = 91B4429E32A6CEDB20CF596E /* Fwk */;
			targetProxy = F047BC5433733DA8E0B9ACAA /* PBXContainerItemProxy */;
		};
/* End PBXTargetDependency section */

/* Begin XCBuildConfiguration section */
		28C6DE9B5A74C1AC10BA7107 /* Debug */ = {
			isa = XCBuildConfiguration;
			baseConfigurationReference = 3398BDE6B85BDA9621450C99 /* Pods-Tests.debug.xcconfig */;
			buildSettings = {
				ALWAYS_EMBED_SWIFT_STANDARD_LIBRARIES = YES;
				BUNDLE_LOADER = "$(TEST_HOST)";
				FRAMEWORK_SEARCH_PATHS = (
					"$(inherited)",
					"$(BUILT_PRODUCTS_DIR)",
				);
				INFOPLIST_FILE = Info/Tst.plist;
				IPHONEOS_DEPLOYMENT_TARGET = 8.0;
				LD_RUNPATH_SEARCH_PATHS = "$(inherited) @executable_path/Frameworks @loader_path/Frameworks";
				MTL_ENABLE_DEBUG_INFO = true;
				PRODUCT_BUNDLE_IDENTIFIER = io.XCEssentials.ViewEvents.Tst;
				PRODUCT_NAME = "$(TARGET_NAME)";
				SDKROOT = iphoneos;
				SWIFT_VERSION = 3.0;
			};
			name = Debug;
		};
		3BBF862F5FCBB7A1A4012BF6 /* Release */ = {
			isa = XCBuildConfiguration;
			baseConfigurationReference = C324BA6F9917F0A7A31C35A2 /* Pods-Tests.release.xcconfig */;
			buildSettings = {
				ALWAYS_EMBED_SWIFT_STANDARD_LIBRARIES = YES;
				BUNDLE_LOADER = "$(TEST_HOST)";
				FRAMEWORK_SEARCH_PATHS = (
					"$(inherited)",
					"$(BUILT_PRODUCTS_DIR)",
				);
				INFOPLIST_FILE = Info/Tst.plist;
				IPHONEOS_DEPLOYMENT_TARGET = 8.0;
				LD_RUNPATH_SEARCH_PATHS = "$(inherited) @executable_path/Frameworks @loader_path/Frameworks";
				PRODUCT_BUNDLE_IDENTIFIER = io.XCEssentials.ViewEvents.Tst;
				PRODUCT_NAME = "$(TARGET_NAME)";
				SDKROOT = iphoneos;
				SWIFT_VERSION = 3.0;
			};
			name = Release;
		};
		CB75984F9B388EDAEB3B26F0 /* Debug */ = {
			isa = XCBuildConfiguration;
			baseConfigurationReference = 5087C3AB5B006855AE14AF2C /* Pods-Fwk.debug.xcconfig */;
			buildSettings = {
				ALWAYS_EMBED_SWIFT_STANDARD_LIBRARIES = YES;
				CURRENT_PROJECT_VERSION = 3;
				DEFINES_MODULE = NO;
				ENABLE_TESTABILITY = YES;
				INFOPLIST_FILE = Info/Fwk.plist;
				INSTALL_PATH = "$(LOCAL_LIBRARY_DIR)/Frameworks";
				IPHONEOS_DEPLOYMENT_TARGET = 8.0;
				LD_RUNPATH_SEARCH_PATHS = "$(inherited) @executable_path/Frameworks";
				MTL_ENABLE_DEBUG_INFO = true;
				PRODUCT_BUNDLE_IDENTIFIER = io.XCEssentials.ViewEvents;
				PRODUCT_NAME = XCEViewEvents;
				SDKROOT = iphoneos;
				SKIP_INSTALL = YES;
				SWIFT_VERSION = 3.0;
				TARGETED_DEVICE_FAMILY = "1,2";
				VERSIONING_SYSTEM = "apple-generic";
				VERSION_INFO_PREFIX = "";
			};
			name = Debug;
		};
		CF089DA7179B4590B2271E1F /* Debug */ = {
			isa = XCBuildConfiguration;
			buildSettings = {
				ALWAYS_SEARCH_USER_PATHS = NO;
				CLANG_ANALYZER_NONNULL = YES;
				CLANG_CXX_LANGUAGE_STANDARD = "gnu++0x";
				CLANG_CXX_LIBRARY = "libc++";
				CLANG_ENABLE_MODULES = YES;
				CLANG_ENABLE_OBJC_ARC = YES;
				CLANG_WARN_BOOL_CONVERSION = YES;
				CLANG_WARN_CONSTANT_CONVERSION = YES;
				CLANG_WARN_DIRECT_OBJC_ISA_USAGE = YES_ERROR;
				CLANG_WARN_DOCUMENTATION_COMMENTS = YES;
				CLANG_WARN_EMPTY_BODY = YES;
				CLANG_WARN_ENUM_CONVERSION = YES;
				CLANG_WARN_INFINITE_RECURSION = YES;
				CLANG_WARN_INT_CONVERSION = YES;
				CLANG_WARN_OBJC_ROOT_CLASS = YES_ERROR;
				CLANG_WARN_SUSPICIOUS_MOVE = YES;
				CLANG_WARN_SUSPICIOUS_MOVES = YES;
				CLANG_WARN_UNREACHABLE_CODE = YES;
				CLANG_WARN__DUPLICATE_METHOD_MATCH = YES;
				CODE_SIGN_IDENTITY = "-";
				"CODE_SIGN_IDENTITY[sdk=iphoneos*]" = "";
				COPY_PHASE_STRIP = NO;
				DEBUG_INFORMATION_FORMAT = dwarf;
				ENABLE_STRICT_OBJC_MSGSEND = YES;
				ENABLE_TESTABILITY = YES;
				GCC_C_LANGUAGE_STANDARD = gnu99;
				GCC_DYNAMIC_NO_PIC = NO;
				GCC_NO_COMMON_BLOCKS = YES;
				GCC_OPTIMIZATION_LEVEL = 0;
				GCC_PREPROCESSOR_DEFINITIONS = (
					"DEBUG=1",
					"$(inherited)",
				);
				GCC_WARN_64_TO_32_BIT_CONVERSION = YES;
				GCC_WARN_ABOUT_RETURN_TYPE = YES_ERROR;
				GCC_WARN_UNDECLARED_SELECTOR = YES;
				GCC_WARN_UNINITIALIZED_AUTOS = YES_AGGRESSIVE;
				GCC_WARN_UNUSED_FUNCTION = YES;
				GCC_WARN_UNUSED_VARIABLE = YES;
				IPHONEOS_DEPLOYMENT_TARGET = 8.0;
				MTL_ENABLE_DEBUG_INFO = YES;
				ONLY_ACTIVE_ARCH = YES;
				SWIFT_ACTIVE_COMPILATION_CONDITIONS = DEBUG;
				SWIFT_OPTIMIZATION_LEVEL = "-Onone";
				SWIFT_VERSION = 3.0;
				VERSIONING_SYSTEM = "apple-generic";
			};
			name = Debug;
		};
		DB69DD6940F553B07B8BC760 /* Release */ = {
			isa = XCBuildConfiguration;
			buildSettings = {
				ALWAYS_SEARCH_USER_PATHS = NO;
				CLANG_ANALYZER_NONNULL = YES;
				CLANG_CXX_LANGUAGE_STANDARD = "gnu++0x";
				CLANG_CXX_LIBRARY = "libc++";
				CLANG_ENABLE_MODULES = YES;
				CLANG_ENABLE_OBJC_ARC = YES;
				CLANG_WARN_BOOL_CONVERSION = YES;
				CLANG_WARN_CONSTANT_CONVERSION = YES;
				CLANG_WARN_DIRECT_OBJC_ISA_USAGE = YES_ERROR;
				CLANG_WARN_DOCUMENTATION_COMMENTS = YES;
				CLANG_WARN_EMPTY_BODY = YES;
				CLANG_WARN_ENUM_CONVERSION = YES;
				CLANG_WARN_INFINITE_RECURSION = YES;
				CLANG_WARN_INT_CONVERSION = YES;
				CLANG_WARN_OBJC_ROOT_CLASS = YES_ERROR;
				CLANG_WARN_SUSPICIOUS_MOVE = YES;
				CLANG_WARN_SUSPICIOUS_MOVES = YES;
				CLANG_WARN_UNREACHABLE_CODE = YES;
				CLANG_WARN__DUPLICATE_METHOD_MATCH = YES;
				CODE_SIGN_IDENTITY = "-";
				"CODE_SIGN_IDENTITY[sdk=iphoneos*]" = "";
				COPY_PHASE_STRIP = NO;
				DEBUG_INFORMATION_FORMAT = "dwarf-with-dsym";
				ENABLE_NS_ASSERTIONS = NO;
				ENABLE_STRICT_OBJC_MSGSEND = YES;
				GCC_C_LANGUAGE_STANDARD = gnu99;
				GCC_NO_COMMON_BLOCKS = YES;
				GCC_WARN_64_TO_32_BIT_CONVERSION = YES;
				GCC_WARN_ABOUT_RETURN_TYPE = YES_ERROR;
				GCC_WARN_UNDECLARED_SELECTOR = YES;
				GCC_WARN_UNINITIALIZED_AUTOS = YES_AGGRESSIVE;
				GCC_WARN_UNUSED_FUNCTION = YES;
				GCC_WARN_UNUSED_VARIABLE = YES;
				IPHONEOS_DEPLOYMENT_TARGET = 8.0;
				MTL_ENABLE_DEBUG_INFO = NO;
				SWIFT_OPTIMIZATION_LEVEL = "-Owholemodule";
				SWIFT_VERSION = 3.0;
				VALIDATE_PRODUCT = YES;
				VERSIONING_SYSTEM = "apple-generic";
			};
			name = Release;
		};
		E011D1111A27954651DF7600 /* Release */ = {
			isa = XCBuildConfiguration;
			baseConfigurationReference = 1C76E4F3724244B174CD6F01 /* Pods-Fwk.release.xcconfig */;
			buildSettings = {
				ALWAYS_EMBED_SWIFT_STANDARD_LIBRARIES = YES;
				CURRENT_PROJECT_VERSION = 3;
				DEFINES_MODULE = NO;
				ENABLE_TESTABILITY = YES;
				INFOPLIST_FILE = Info/Fwk.plist;
				INSTALL_PATH = "$(LOCAL_LIBRARY_DIR)/Frameworks";
				IPHONEOS_DEPLOYMENT_TARGET = 8.0;
				LD_RUNPATH_SEARCH_PATHS = "$(inherited) @executable_path/Frameworks";
				PRODUCT_BUNDLE_IDENTIFIER = io.XCEssentials.ViewEvents;
				PRODUCT_NAME = XCEViewEvents;
				SDKROOT = iphoneos;
				SKIP_INSTALL = YES;
				SWIFT_VERSION = 3.0;
				TARGETED_DEVICE_FAMILY = "1,2";
				VERSIONING_SYSTEM = "apple-generic";
				VERSION_INFO_PREFIX = "";
			};
			name = Release;
		};
/* End XCBuildConfiguration section */

/* Begin XCConfigurationList section */
		33892917C1AA7B385F5B5CEF /* Build configuration list for PBXNativeTarget "Tests" */ = {
			isa = XCConfigurationList;
			buildConfigurations = (
				28C6DE9B5A74C1AC10BA7107 /* Debug */,
				3BBF862F5FCBB7A1A4012BF6 /* Release */,
			);
			defaultConfigurationIsVisible = 0;
			defaultConfigurationName = Release;
		};
		88AF0F1F5D5E9BE3E927D9F1 /* Build configuration list for PBXProject "Main" */ = {
			isa = XCConfigurationList;
			buildConfigurations = (
				CF089DA7179B4590B2271E1F /* Debug */,
				DB69DD6940F553B07B8BC760 /* Release */,
			);
			defaultConfigurationIsVisible = 0;
			defaultConfigurationName = Debug;
		};
		AAA5C01FA404F576194B0791 /* Build configuration list for PBXNativeTarget "Fwk" */ = {
			isa = XCConfigurationList;
			buildConfigurations = (
				CB75984F9B388EDAEB3B26F0 /* Debug */,
				E011D1111A27954651DF7600 /* Release */,
			);
			defaultConfigurationIsVisible = 0;
			defaultConfigurationName = Release;
		};
/* End XCConfigurationList section */
	};
	rootObject = 78114AA08DD3FBDDE2E2F670 /* Project object */;
}
