// !$*UTF8*$!
{
	archiveVersion = 1;
	classes = {
	};
	objectVersion = 46;
	objects = {

/* Begin PBXBuildFile section */
		61AAED543BDA2E7ED3A246CE /* Foundation.framework in Frameworks */ = {isa = PBXBuildFile; fileRef = 4336B137A5D485C83F9137AA /* Foundation.framework */; };
		657A2802D450E34A58DD48A6 /* Pods_Tests.framework in Frameworks */ = {isa = PBXBuildFile; fileRef = 6E810866FC37B2226211EAE1 /* Pods_Tests.framework */; };
		73C643F6B2E5C0CC91015169 /* UIControl+Base.swift in Sources */ = {isa = PBXBuildFile; fileRef = 2F7E3415C5B9A5D015A9BF85 /* UIControl+Base.swift */; };
		A6D6A4F54D0652BDF34FA805 /* UIVIew+Gestures.swift in Sources */ = {isa = PBXBuildFile; fileRef = 14C4F3F570CA1FEE6C6EA811 /* UIVIew+Gestures.swift */; };
		A95D48A771115E5299FF93C5 /* Pods_Fwk.framework in Frameworks */ = {isa = PBXBuildFile; fileRef = 5D20333C8A965FF657013C66 /* Pods_Fwk.framework */; };
		BA57B565123C0663B54E1E24 /* MainTests.swift in Sources */ = {isa = PBXBuildFile; fileRef = 77538E6E29880A4FBAD8748E /* MainTests.swift */; };
		CE6EDC19BA626C7A029DC014 /* UIKit.framework in Frameworks */ = {isa = PBXBuildFile; fileRef = ACC0EAC6CA1C6BE8BABF0196 /* UIKit.framework */; };
		CFBB2437CF62691E1D1FC605 /* Foundation.framework in Frameworks */ = {isa = PBXBuildFile; fileRef = 4336B137A5D485C83F9137AA /* Foundation.framework */; };
		F98DB8D6480046405B479B31 /* UIControl+Aliases.swift in Sources */ = {isa = PBXBuildFile; fileRef = 3C0285B352E75845FEE25D78 /* UIControl+Aliases.swift */; };
/* End PBXBuildFile section */

/* Begin PBXContainerItemProxy section */
		231E1F9734D90FFE87514C85 /* PBXContainerItemProxy */ = {
			isa = PBXContainerItemProxy;
			containerPortal = 8E610ADB4FA8773FC43212C8 /* Project object */;
			proxyType = 1;
			remoteGlobalIDString = BEE0DF232E60F845182D2700;
			remoteInfo = Fwk;
		};
/* End PBXContainerItemProxy section */

/* Begin PBXCopyFilesBuildPhase section */
		A7234E6D052C10F6839686A2 /* Embed Frameworks */ = {
			isa = PBXCopyFilesBuildPhase;
			buildActionMask = 2147483647;
			dstPath = "";
			dstSubfolderSpec = 10;
			files = (
			);
			name = "Embed Frameworks";
			runOnlyForDeploymentPostprocessing = 0;
		};
		E0E1965D9A02548E157D36FE /* Embed Frameworks */ = {
			isa = PBXCopyFilesBuildPhase;
			buildActionMask = 2147483647;
			dstPath = "";
			dstSubfolderSpec = 10;
			files = (
			);
			name = "Embed Frameworks";
			runOnlyForDeploymentPostprocessing = 0;
		};
/* End PBXCopyFilesBuildPhase section */

/* Begin PBXFileReference section */
		14C4F3F570CA1FEE6C6EA811 /* UIVIew+Gestures.swift */ = {isa = PBXFileReference; includeInIndex = 1; lastKnownFileType = sourcecode.swift; path = "UIVIew+Gestures.swift"; sourceTree = "<group>"; };
		2F7E3415C5B9A5D015A9BF85 /* UIControl+Base.swift */ = {isa = PBXFileReference; includeInIndex = 1; lastKnownFileType = sourcecode.swift; path = "UIControl+Base.swift"; sourceTree = "<group>"; };
		3C0285B352E75845FEE25D78 /* UIControl+Aliases.swift */ = {isa = PBXFileReference; includeInIndex = 1; lastKnownFileType = sourcecode.swift; path = "UIControl+Aliases.swift"; sourceTree = "<group>"; };
		4336B137A5D485C83F9137AA /* Foundation.framework */ = {isa = PBXFileReference; lastKnownFileType = wrapper.framework; name = Foundation.framework; path = Platforms/iPhoneOS.platform/Developer/SDKs/iPhoneOS10.3.sdk/System/Library/Frameworks/Foundation.framework; sourceTree = DEVELOPER_DIR; };
		4D72DFE8B7C9B9DA1AC49D2E /* Pods-Tests.release.xcconfig */ = {isa = PBXFileReference; includeInIndex = 1; lastKnownFileType = text.xcconfig; name = "Pods-Tests.release.xcconfig"; path = "Pods/Target Support Files/Pods-Tests/Pods-Tests.release.xcconfig"; sourceTree = "<group>"; };
		5D20333C8A965FF657013C66 /* Pods_Fwk.framework */ = {isa = PBXFileReference; explicitFileType = wrapper.framework; includeInIndex = 0; path = Pods_Fwk.framework; sourceTree = BUILT_PRODUCTS_DIR; };
		5FF1B162B0BD4338F6428EDB /* Pods-Fwk.debug.xcconfig */ = {isa = PBXFileReference; includeInIndex = 1; lastKnownFileType = text.xcconfig; name = "Pods-Fwk.debug.xcconfig"; path = "Pods/Target Support Files/Pods-Fwk/Pods-Fwk.debug.xcconfig"; sourceTree = "<group>"; };
		6E810866FC37B2226211EAE1 /* Pods_Tests.framework */ = {isa = PBXFileReference; explicitFileType = wrapper.framework; includeInIndex = 0; path = Pods_Tests.framework; sourceTree = BUILT_PRODUCTS_DIR; };
		77538E6E29880A4FBAD8748E /* MainTests.swift */ = {isa = PBXFileReference; includeInIndex = 1; lastKnownFileType = sourcecode.swift; path = MainTests.swift; sourceTree = "<group>"; };
		8D671ACD46AFF90964B27D9B /* Tests.xctest */ = {isa = PBXFileReference; explicitFileType = wrapper.cfbundle; includeInIndex = 0; path = Tests.xctest; sourceTree = BUILT_PRODUCTS_DIR; };
		A1C9BCC3E2CF34FDBF7849A2 /* Fwk.framework */ = {isa = PBXFileReference; explicitFileType = wrapper.framework; includeInIndex = 0; path = Fwk.framework; sourceTree = BUILT_PRODUCTS_DIR; };
		ACC0EAC6CA1C6BE8BABF0196 /* UIKit.framework */ = {isa = PBXFileReference; lastKnownFileType = wrapper.framework; name = UIKit.framework; path = Platforms/iPhoneOS.platform/Developer/SDKs/iPhoneOS10.3.sdk/System/Library/Frameworks/UIKit.framework; sourceTree = DEVELOPER_DIR; };
		D373A7CBAE351DA30A11F045 /* Pods-Fwk.release.xcconfig */ = {isa = PBXFileReference; includeInIndex = 1; lastKnownFileType = text.xcconfig; name = "Pods-Fwk.release.xcconfig"; path = "Pods/Target Support Files/Pods-Fwk/Pods-Fwk.release.xcconfig"; sourceTree = "<group>"; };
		E9E3BE8D350E5FAF72E75562 /* Pods-Tests.debug.xcconfig */ = {isa = PBXFileReference; includeInIndex = 1; lastKnownFileType = text.xcconfig; name = "Pods-Tests.debug.xcconfig"; path = "Pods/Target Support Files/Pods-Tests/Pods-Tests.debug.xcconfig"; sourceTree = "<group>"; };
/* End PBXFileReference section */

/* Begin PBXFrameworksBuildPhase section */
		86EC034AD9A23EBED4006DDE /* Frameworks */ = {
			isa = PBXFrameworksBuildPhase;
			buildActionMask = 2147483647;
			files = (
				61AAED543BDA2E7ED3A246CE /* Foundation.framework in Frameworks */,
				A95D48A771115E5299FF93C5 /* Pods_Fwk.framework in Frameworks */,
				CE6EDC19BA626C7A029DC014 /* UIKit.framework in Frameworks */,
			);
			runOnlyForDeploymentPostprocessing = 0;
		};
		CCBF4DFFF5CE0BB27FC59D38 /* Frameworks */ = {
			isa = PBXFrameworksBuildPhase;
			buildActionMask = 2147483647;
			files = (
				CFBB2437CF62691E1D1FC605 /* Foundation.framework in Frameworks */,
				657A2802D450E34A58DD48A6 /* Pods_Tests.framework in Frameworks */,
			);
			runOnlyForDeploymentPostprocessing = 0;
		};
/* End PBXFrameworksBuildPhase section */

/* Begin PBXGroup section */
		0865B974CD43A538C3EF7FF3 /* iOS */ = {
			isa = PBXGroup;
			children = (
				4336B137A5D485C83F9137AA /* Foundation.framework */,
				ACC0EAC6CA1C6BE8BABF0196 /* UIKit.framework */,
			);
			name = iOS;
			sourceTree = "<group>";
		};
		45C826A4EF50B017EBA9D68A /* Tests */ = {
			isa = PBXGroup;
			children = (
				77538E6E29880A4FBAD8748E /* MainTests.swift */,
			);
			name = Tests;
			path = Tests;
			sourceTree = SOURCE_ROOT;
		};
		5353C6F85F4FB32ACBDD28D3 /* Pods */ = {
			isa = PBXGroup;
			children = (
				5FF1B162B0BD4338F6428EDB /* Pods-Fwk.debug.xcconfig */,
				D373A7CBAE351DA30A11F045 /* Pods-Fwk.release.xcconfig */,
				E9E3BE8D350E5FAF72E75562 /* Pods-Tests.debug.xcconfig */,
				4D72DFE8B7C9B9DA1AC49D2E /* Pods-Tests.release.xcconfig */,
			);
			name = Pods;
			sourceTree = "<group>";
		};
		77D40E5CD8B1453988D6A82B = {
			isa = PBXGroup;
			children = (
				C40337DC7EFB73D9BE0E5948 /* Frameworks */,
				5353C6F85F4FB32ACBDD28D3 /* Pods */,
				A9CB7716177CE46CA06D0547 /* Products */,
				F4E084E410284CF227C1B14A /* Sources */,
				45C826A4EF50B017EBA9D68A /* Tests */,
			);
			sourceTree = "<group>";
		};
		A9CB7716177CE46CA06D0547 /* Products */ = {
			isa = PBXGroup;
			children = (
				A1C9BCC3E2CF34FDBF7849A2 /* Fwk.framework */,
				8D671ACD46AFF90964B27D9B /* Tests.xctest */,
			);
			name = Products;
			sourceTree = "<group>";
		};
		C40337DC7EFB73D9BE0E5948 /* Frameworks */ = {
			isa = PBXGroup;
			children = (
				C4DF7BF4697806A0E4992812 /* $local */,
				0865B974CD43A538C3EF7FF3 /* iOS */,
				5D20333C8A965FF657013C66 /* Pods_Fwk.framework */,
				6E810866FC37B2226211EAE1 /* Pods_Tests.framework */,
			);
			name = Frameworks;
			sourceTree = "<group>";
		};
		C4DF7BF4697806A0E4992812 /* $local */ = {
			isa = PBXGroup;
			children = (
			);
			name = "$local";
			sourceTree = "<group>";
		};
		F4E084E410284CF227C1B14A /* Sources */ = {
			isa = PBXGroup;
			children = (
				3C0285B352E75845FEE25D78 /* UIControl+Aliases.swift */,
				2F7E3415C5B9A5D015A9BF85 /* UIControl+Base.swift */,
				14C4F3F570CA1FEE6C6EA811 /* UIVIew+Gestures.swift */,
			);
			name = Sources;
			path = Sources;
			sourceTree = SOURCE_ROOT;
		};
/* End PBXGroup section */

/* Begin PBXNativeTarget section */
		A2298C20BF5DC74F80451BC9 /* Tests */ = {
			isa = PBXNativeTarget;
			buildConfigurationList = 4D88D2962ED1F4DEAE40B5A1 /* Build configuration list for PBXNativeTarget "Tests" */;
			buildPhases = (
				2854F89027D46AE3C2E43632 /* [CP] Check Pods Manifest.lock */,
				1B6580F15517717DC7414019 /* Sources */,
				CCBF4DFFF5CE0BB27FC59D38 /* Frameworks */,
				E0E1965D9A02548E157D36FE /* Embed Frameworks */,
				63B0F3CE7F1995172C7EEE06 /* [CP] Embed Pods Frameworks */,
				AF703D02DD85EF1DFD492CCA /* [CP] Copy Pods Resources */,
			);
			buildRules = (
			);
			dependencies = (
				2C2A00ADD988A755659EB316 /* PBXTargetDependency */,
			);
			name = Tests;
			productName = Tests;
			productReference = 8D671ACD46AFF90964B27D9B /* Tests.xctest */;
			productType = "com.apple.product-type.bundle.unit-test";
		};
		BEE0DF232E60F845182D2700 /* Fwk */ = {
			isa = PBXNativeTarget;
			buildConfigurationList = 49613703FC4E997C1F598076 /* Build configuration list for PBXNativeTarget "Fwk" */;
			buildPhases = (
				76451F4456A5FE826EF940AC /* SwiftLint */,
				5E6A42B1E1065D839A863DB2 /* [CP] Check Pods Manifest.lock */,
				A47B75716B9901DA54EE996C /* Sources */,
				86EC034AD9A23EBED4006DDE /* Frameworks */,
				A7234E6D052C10F6839686A2 /* Embed Frameworks */,
				FE920EC9474A4BE47B8B485C /* [CP] Copy Pods Resources */,
			);
			buildRules = (
			);
			dependencies = (
			);
			name = Fwk;
			productName = Fwk;
			productReference = A1C9BCC3E2CF34FDBF7849A2 /* Fwk.framework */;
			productType = "com.apple.product-type.framework";
		};
/* End PBXNativeTarget section */

/* Begin PBXProject section */
		8E610ADB4FA8773FC43212C8 /* Project object */ = {
			isa = PBXProject;
			attributes = {
				LastSwiftUpdateCheck = 0830;
				LastUpgradeCheck = 0700;
				Struct.Version = 2.1.0;
			};
			buildConfigurationList = 6511FC637B40A6CEA59123E4 /* Build configuration list for PBXProject "Main" */;
			compatibilityVersion = "Xcode 3.2";
			developmentRegion = English;
			hasScannedForEncodings = 0;
			knownRegions = (
				en,
			);
			mainGroup = 77D40E5CD8B1453988D6A82B;
			productRefGroup = A9CB7716177CE46CA06D0547 /* Products */;
			projectDirPath = "";
			projectRoot = "";
			targets = (
				BEE0DF232E60F845182D2700 /* Fwk */,
				A2298C20BF5DC74F80451BC9 /* Tests */,
			);
		};
/* End PBXProject section */

/* Begin PBXShellScriptBuildPhase section */
		2854F89027D46AE3C2E43632 /* [CP] Check Pods Manifest.lock */ = {
			isa = PBXShellScriptBuildPhase;
			buildActionMask = 2147483647;
			files = (
			);
			inputPaths = (
			);
			name = "[CP] Check Pods Manifest.lock";
			outputPaths = (
			);
			runOnlyForDeploymentPostprocessing = 0;
			shellPath = /bin/sh;
			shellScript = "diff \"${PODS_PODFILE_DIR_PATH}/Podfile.lock\" \"${PODS_ROOT}/Manifest.lock\" > /dev/null\nif [ $? != 0 ] ; then\n    # print error to STDERR\n    echo \"error: The sandbox is not in sync with the Podfile.lock. Run 'pod install' or update your CocoaPods installation.\" >&2\n    exit 1\nfi\n";
			showEnvVarsInLog = 0;
		};
		5E6A42B1E1065D839A863DB2 /* [CP] Check Pods Manifest.lock */ = {
			isa = PBXShellScriptBuildPhase;
			buildActionMask = 2147483647;
			files = (
			);
			inputPaths = (
			);
			name = "[CP] Check Pods Manifest.lock";
			outputPaths = (
			);
			runOnlyForDeploymentPostprocessing = 0;
			shellPath = /bin/sh;
			shellScript = "diff \"${PODS_PODFILE_DIR_PATH}/Podfile.lock\" \"${PODS_ROOT}/Manifest.lock\" > /dev/null\nif [ $? != 0 ] ; then\n    # print error to STDERR\n    echo \"error: The sandbox is not in sync with the Podfile.lock. Run 'pod install' or update your CocoaPods installation.\" >&2\n    exit 1\nfi\n";
			showEnvVarsInLog = 0;
		};
		63B0F3CE7F1995172C7EEE06 /* [CP] Embed Pods Frameworks */ = {
			isa = PBXShellScriptBuildPhase;
			buildActionMask = 2147483647;
			files = (
			);
			inputPaths = (
			);
			name = "[CP] Embed Pods Frameworks";
			outputPaths = (
			);
			runOnlyForDeploymentPostprocessing = 0;
			shellPath = /bin/sh;
			shellScript = "\"${SRCROOT}/Pods/Target Support Files/Pods-Tests/Pods-Tests-frameworks.sh\"\n";
			showEnvVarsInLog = 0;
		};
		76451F4456A5FE826EF940AC /* SwiftLint */ = {
			isa = PBXShellScriptBuildPhase;
			buildActionMask = 2147483647;
			files = (
			);
			inputPaths = (
			);
			name = SwiftLint;
			outputPaths = (
			);
			runOnlyForDeploymentPostprocessing = 0;
			shellPath = /bin/sh;
			shellScript = "if which swiftlint >/dev/null; then\n    swiftlint\nelse\n    echo \"warning: SwiftLint not installed, download from https://github.com/realm/SwiftLint\"\nfi";
			showEnvVarsInLog = 1;
		};
		AF703D02DD85EF1DFD492CCA /* [CP] Copy Pods Resources */ = {
			isa = PBXShellScriptBuildPhase;
			buildActionMask = 2147483647;
			files = (
			);
			inputPaths = (
			);
			name = "[CP] Copy Pods Resources";
			outputPaths = (
			);
			runOnlyForDeploymentPostprocessing = 0;
			shellPath = /bin/sh;
			shellScript = "\"${SRCROOT}/Pods/Target Support Files/Pods-Tests/Pods-Tests-resources.sh\"\n";
			showEnvVarsInLog = 0;
		};
		FE920EC9474A4BE47B8B485C /* [CP] Copy Pods Resources */ = {
			isa = PBXShellScriptBuildPhase;
			buildActionMask = 2147483647;
			files = (
			);
			inputPaths = (
			);
			name = "[CP] Copy Pods Resources";
			outputPaths = (
			);
			runOnlyForDeploymentPostprocessing = 0;
			shellPath = /bin/sh;
			shellScript = "\"${SRCROOT}/Pods/Target Support Files/Pods-Fwk/Pods-Fwk-resources.sh\"\n";
			showEnvVarsInLog = 0;
		};
/* End PBXShellScriptBuildPhase section */

/* Begin PBXSourcesBuildPhase section */
		1B6580F15517717DC7414019 /* Sources */ = {
			isa = PBXSourcesBuildPhase;
			buildActionMask = 2147483647;
			files = (
				BA57B565123C0663B54E1E24 /* MainTests.swift in Sources */,
			);
			runOnlyForDeploymentPostprocessing = 0;
		};
		A47B75716B9901DA54EE996C /* Sources */ = {
			isa = PBXSourcesBuildPhase;
			buildActionMask = 2147483647;
			files = (
				F98DB8D6480046405B479B31 /* UIControl+Aliases.swift in Sources */,
				73C643F6B2E5C0CC91015169 /* UIControl+Base.swift in Sources */,
				A6D6A4F54D0652BDF34FA805 /* UIVIew+Gestures.swift in Sources */,
			);
			runOnlyForDeploymentPostprocessing = 0;
		};
/* End PBXSourcesBuildPhase section */

/* Begin PBXTargetDependency section */
		2C2A00ADD988A755659EB316 /* PBXTargetDependency */ = {
			isa = PBXTargetDependency;
			name = Fwk;
			target = BEE0DF232E60F845182D2700 /* Fwk */;
			targetProxy = 231E1F9734D90FFE87514C85 /* PBXContainerItemProxy */;
		};
/* End PBXTargetDependency section */

/* Begin XCBuildConfiguration section */
		070E7FC4AC87249017BBDBDB /* Release */ = {
			isa = XCBuildConfiguration;
			buildSettings = {
				ALWAYS_SEARCH_USER_PATHS = NO;
				CLANG_ANALYZER_NONNULL = YES;
				CLANG_CXX_LANGUAGE_STANDARD = "gnu++0x";
				CLANG_CXX_LIBRARY = "libc++";
				CLANG_ENABLE_MODULES = YES;
				CLANG_ENABLE_OBJC_ARC = YES;
				CLANG_WARN_BOOL_CONVERSION = YES;
				CLANG_WARN_CONSTANT_CONVERSION = YES;
				CLANG_WARN_DIRECT_OBJC_ISA_USAGE = YES_ERROR;
				CLANG_WARN_DOCUMENTATION_COMMENTS = YES;
				CLANG_WARN_EMPTY_BODY = YES;
				CLANG_WARN_ENUM_CONVERSION = YES;
				CLANG_WARN_INFINITE_RECURSION = YES;
				CLANG_WARN_INT_CONVERSION = YES;
				CLANG_WARN_OBJC_ROOT_CLASS = YES_ERROR;
				CLANG_WARN_SUSPICIOUS_MOVE = YES;
				CLANG_WARN_SUSPICIOUS_MOVES = YES;
				CLANG_WARN_UNREACHABLE_CODE = YES;
				CLANG_WARN__DUPLICATE_METHOD_MATCH = YES;
				CODE_SIGN_IDENTITY = "-";
				"CODE_SIGN_IDENTITY[sdk=iphoneos*]" = "";
				COPY_PHASE_STRIP = NO;
				DEBUG_INFORMATION_FORMAT = "dwarf-with-dsym";
				ENABLE_NS_ASSERTIONS = NO;
				ENABLE_STRICT_OBJC_MSGSEND = YES;
				GCC_C_LANGUAGE_STANDARD = gnu99;
				GCC_NO_COMMON_BLOCKS = YES;
				GCC_WARN_64_TO_32_BIT_CONVERSION = YES;
				GCC_WARN_ABOUT_RETURN_TYPE = YES_ERROR;
				GCC_WARN_UNDECLARED_SELECTOR = YES;
				GCC_WARN_UNINITIALIZED_AUTOS = YES_AGGRESSIVE;
				GCC_WARN_UNUSED_FUNCTION = YES;
				GCC_WARN_UNUSED_VARIABLE = YES;
				IPHONEOS_DEPLOYMENT_TARGET = 8.0;
				MTL_ENABLE_DEBUG_INFO = NO;
				SWIFT_OPTIMIZATION_LEVEL = "-Owholemodule";
				SWIFT_VERSION = 3.0;
				VALIDATE_PRODUCT = YES;
				VERSIONING_SYSTEM = "apple-generic";
			};
			name = Release;
		};
		139CF0176438B166B4137B56 /* Release */ = {
			isa = XCBuildConfiguration;
			baseConfigurationReference = D373A7CBAE351DA30A11F045 /* Pods-Fwk.release.xcconfig */;
			buildSettings = {
				ALWAYS_EMBED_SWIFT_STANDARD_LIBRARIES = YES;
				CURRENT_PROJECT_VERSION = 3;
				DEFINES_MODULE = NO;
				ENABLE_TESTABILITY = YES;
				INFOPLIST_FILE = Info/Fwk.plist;
				INSTALL_PATH = "$(LOCAL_LIBRARY_DIR)/Frameworks";
				IPHONEOS_DEPLOYMENT_TARGET = 8.0;
				LD_RUNPATH_SEARCH_PATHS = "$(inherited) @executable_path/Frameworks";
				PRODUCT_BUNDLE_IDENTIFIER = io.XCEssentials.ViewEvents;
				PRODUCT_NAME = XCEViewEvents;
				SDKROOT = iphoneos;
				SKIP_INSTALL = YES;
				SWIFT_VERSION = 3.0;
				TARGETED_DEVICE_FAMILY = "1,2";
				VERSIONING_SYSTEM = "apple-generic";
				VERSION_INFO_PREFIX = "";
			};
			name = Release;
		};
		78E7CAA1B96C47C7AE2A6BF8 /* Debug */ = {
			isa = XCBuildConfiguration;
			baseConfigurationReference = 5FF1B162B0BD4338F6428EDB /* Pods-Fwk.debug.xcconfig */;
			buildSettings = {
				ALWAYS_EMBED_SWIFT_STANDARD_LIBRARIES = YES;
				CURRENT_PROJECT_VERSION = 3;
				DEFINES_MODULE = NO;
				ENABLE_TESTABILITY = YES;
				INFOPLIST_FILE = Info/Fwk.plist;
				INSTALL_PATH = "$(LOCAL_LIBRARY_DIR)/Frameworks";
				IPHONEOS_DEPLOYMENT_TARGET = 8.0;
				LD_RUNPATH_SEARCH_PATHS = "$(inherited) @executable_path/Frameworks";
				MTL_ENABLE_DEBUG_INFO = true;
				PRODUCT_BUNDLE_IDENTIFIER = io.XCEssentials.ViewEvents;
				PRODUCT_NAME = XCEViewEvents;
				SDKROOT = iphoneos;
				SKIP_INSTALL = YES;
				SWIFT_VERSION = 3.0;
				TARGETED_DEVICE_FAMILY = "1,2";
				VERSIONING_SYSTEM = "apple-generic";
				VERSION_INFO_PREFIX = "";
			};
			name = Debug;
		};
		928F3B44E53DB929F72BDDAB /* Debug */ = {
			isa = XCBuildConfiguration;
			buildSettings = {
				ALWAYS_SEARCH_USER_PATHS = NO;
				CLANG_ANALYZER_NONNULL = YES;
				CLANG_CXX_LANGUAGE_STANDARD = "gnu++0x";
				CLANG_CXX_LIBRARY = "libc++";
				CLANG_ENABLE_MODULES = YES;
				CLANG_ENABLE_OBJC_ARC = YES;
				CLANG_WARN_BOOL_CONVERSION = YES;
				CLANG_WARN_CONSTANT_CONVERSION = YES;
				CLANG_WARN_DIRECT_OBJC_ISA_USAGE = YES_ERROR;
				CLANG_WARN_DOCUMENTATION_COMMENTS = YES;
				CLANG_WARN_EMPTY_BODY = YES;
				CLANG_WARN_ENUM_CONVERSION = YES;
				CLANG_WARN_INFINITE_RECURSION = YES;
				CLANG_WARN_INT_CONVERSION = YES;
				CLANG_WARN_OBJC_ROOT_CLASS = YES_ERROR;
				CLANG_WARN_SUSPICIOUS_MOVE = YES;
				CLANG_WARN_SUSPICIOUS_MOVES = YES;
				CLANG_WARN_UNREACHABLE_CODE = YES;
				CLANG_WARN__DUPLICATE_METHOD_MATCH = YES;
				CODE_SIGN_IDENTITY = "-";
				"CODE_SIGN_IDENTITY[sdk=iphoneos*]" = "";
				COPY_PHASE_STRIP = NO;
				DEBUG_INFORMATION_FORMAT = dwarf;
				ENABLE_STRICT_OBJC_MSGSEND = YES;
				ENABLE_TESTABILITY = YES;
				GCC_C_LANGUAGE_STANDARD = gnu99;
				GCC_DYNAMIC_NO_PIC = NO;
				GCC_NO_COMMON_BLOCKS = YES;
				GCC_OPTIMIZATION_LEVEL = 0;
				GCC_PREPROCESSOR_DEFINITIONS = (
					"DEBUG=1",
					"$(inherited)",
				);
				GCC_WARN_64_TO_32_BIT_CONVERSION = YES;
				GCC_WARN_ABOUT_RETURN_TYPE = YES_ERROR;
				GCC_WARN_UNDECLARED_SELECTOR = YES;
				GCC_WARN_UNINITIALIZED_AUTOS = YES_AGGRESSIVE;
				GCC_WARN_UNUSED_FUNCTION = YES;
				GCC_WARN_UNUSED_VARIABLE = YES;
				IPHONEOS_DEPLOYMENT_TARGET = 8.0;
				MTL_ENABLE_DEBUG_INFO = YES;
				ONLY_ACTIVE_ARCH = YES;
				SWIFT_ACTIVE_COMPILATION_CONDITIONS = DEBUG;
				SWIFT_OPTIMIZATION_LEVEL = "-Onone";
				SWIFT_VERSION = 3.0;
				VERSIONING_SYSTEM = "apple-generic";
			};
			name = Debug;
		};
		A87D373D965F07E1C4B05ABD /* Debug */ = {
			isa = XCBuildConfiguration;
			baseConfigurationReference = E9E3BE8D350E5FAF72E75562 /* Pods-Tests.debug.xcconfig */;
			buildSettings = {
				ALWAYS_EMBED_SWIFT_STANDARD_LIBRARIES = YES;
				BUNDLE_LOADER = "$(TEST_HOST)";
				FRAMEWORK_SEARCH_PATHS = (
					"$(inherited)",
					"$(BUILT_PRODUCTS_DIR)",
				);
				INFOPLIST_FILE = Info/Tst.plist;
				IPHONEOS_DEPLOYMENT_TARGET = 8.0;
				LD_RUNPATH_SEARCH_PATHS = "$(inherited) @executable_path/Frameworks @loader_path/Frameworks";
				MTL_ENABLE_DEBUG_INFO = true;
				PRODUCT_BUNDLE_IDENTIFIER = io.XCEssentials.ViewEvents.Tst;
				PRODUCT_NAME = "$(TARGET_NAME)";
				SDKROOT = iphoneos;
				SWIFT_VERSION = 3.0;
			};
			name = Debug;
		};
		BB4797368789F619596F3D71 /* Release */ = {
			isa = XCBuildConfiguration;
			baseConfigurationReference = 4D72DFE8B7C9B9DA1AC49D2E /* Pods-Tests.release.xcconfig */;
			buildSettings = {
				ALWAYS_EMBED_SWIFT_STANDARD_LIBRARIES = YES;
				BUNDLE_LOADER = "$(TEST_HOST)";
				FRAMEWORK_SEARCH_PATHS = (
					"$(inherited)",
					"$(BUILT_PRODUCTS_DIR)",
				);
				INFOPLIST_FILE = Info/Tst.plist;
				IPHONEOS_DEPLOYMENT_TARGET = 8.0;
				LD_RUNPATH_SEARCH_PATHS = "$(inherited) @executable_path/Frameworks @loader_path/Frameworks";
				PRODUCT_BUNDLE_IDENTIFIER = io.XCEssentials.ViewEvents.Tst;
				PRODUCT_NAME = "$(TARGET_NAME)";
				SDKROOT = iphoneos;
				SWIFT_VERSION = 3.0;
			};
			name = Release;
		};
/* End XCBuildConfiguration section */

/* Begin XCConfigurationList section */
		49613703FC4E997C1F598076 /* Build configuration list for PBXNativeTarget "Fwk" */ = {
			isa = XCConfigurationList;
			buildConfigurations = (
				78E7CAA1B96C47C7AE2A6BF8 /* Debug */,
				139CF0176438B166B4137B56 /* Release */,
			);
			defaultConfigurationIsVisible = 0;
			defaultConfigurationName = Release;
		};
		4D88D2962ED1F4DEAE40B5A1 /* Build configuration list for PBXNativeTarget "Tests" */ = {
			isa = XCConfigurationList;
			buildConfigurations = (
				A87D373D965F07E1C4B05ABD /* Debug */,
				BB4797368789F619596F3D71 /* Release */,
			);
			defaultConfigurationIsVisible = 0;
			defaultConfigurationName = Release;
		};
		6511FC637B40A6CEA59123E4 /* Build configuration list for PBXProject "Main" */ = {
			isa = XCConfigurationList;
			buildConfigurations = (
				928F3B44E53DB929F72BDDAB /* Debug */,
				070E7FC4AC87249017BBDBDB /* Release */,
			);
			defaultConfigurationIsVisible = 0;
			defaultConfigurationName = Debug;
		};
/* End XCConfigurationList section */
	};
	rootObject = 8E610ADB4FA8773FC43212C8 /* Project object */;
}
